
Microsoft Visual Studio Solution File, Format Version 12.00
# Visual Studio Version 17
VisualStudioVersion = 17.8.34525.116
MinimumVisualStudioVersion = 10.0.40219.1
Project("{9A19103F-16F7-4668-BE54-9A1E7A4F7556}") = "BlazorAppDemo", "BlazorAppDemo\BlazorAppDemo.csproj", "{9D1B3EED-FD3D-496A-BF73-E1BB233E6C9E}"
EndProject
Project("{9A19103F-16F7-4668-BE54-9A1E7A4F7556}") = "RazorClassLibrary1", "RazorClassLibrary1\RazorClassLibrary1.csproj", "{1880629F-5039-43A4-9DA6-393DD3FB6D09}"
EndProject
Project("{9A19103F-16F7-4668-BE54-9A1E7A4F7556}") = "ClassLibrary", "ClassLibrary\ClassLibrary.csproj", "{6CCCF7CF-BC7C-4B52-8F20-EBBD9E534599}"
EndProject
Project("{9A19103F-16F7-4668-BE54-9A1E7A4F7556}") = "EmployeeAPI", "EmployeeAPI\EmployeeAPI.csproj", "{05558ACC-5B5C-406F-99A7-5FC534D76A64}"
EndProject
Global
	GlobalSection(SolutionConfigurationPlatforms) = preSolution
		Debug|Any CPU = Debug|Any CPU
		Release|Any CPU = Release|Any CPU
	EndGlobalSection
	GlobalSection(ProjectConfigurationPlatforms) = postSolution
		{9D1B3EED-FD3D-496A-BF73-E1BB233E6C9E}.Debug|Any CPU.ActiveCfg = Debug|Any CPU
		{9D1B3EED-FD3D-496A-BF73-E1BB233E6C9E}.Debug|Any CPU.Build.0 = Debug|Any CPU
		{9D1B3EED-FD3D-496A-BF73-E1BB233E6C9E}.Release|Any CPU.ActiveCfg = Release|Any CPU
		{9D1B3EED-FD3D-496A-BF73-E1BB233E6C9E}.Release|Any CPU.Build.0 = Release|Any CPU
		{1880629F-5039-43A4-9DA6-393DD3FB6D09}.Debug|Any CPU.ActiveCfg = Debug|Any CPU
		{1880629F-5039-43A4-9DA6-393DD3FB6D09}.Debug|Any CPU.Build.0 = Debug|Any CPU
		{1880629F-5039-43A4-9DA6-393DD3FB6D09}.Release|Any CPU.ActiveCfg = Release|Any CPU
		{1880629F-5039-43A4-9DA6-393DD3FB6D09}.Release|Any CPU.Build.0 = Release|Any CPU
		{6CCCF7CF-BC7C-4B52-8F20-EBBD9E534599}.Debug|Any CPU.ActiveCfg = Debug|Any CPU
		{6CCCF7CF-BC7C-4B52-8F20-EBBD9E534599}.Debug|Any CPU.Build.0 = Debug|Any CPU
		{6CCCF7CF-BC7C-4B52-8F20-EBBD9E534599}.Release|Any CPU.ActiveCfg = Release|Any CPU
		{6CCCF7CF-BC7C-4B52-8F20-EBBD9E534599}.Release|Any CPU.Build.0 = Release|Any CPU
		{05558ACC-5B5C-406F-99A7-5FC534D76A64}.Debug|Any CPU.ActiveCfg = Debug|Any CPU
		{05558ACC-5B5C-406F-99A7-5FC534D76A64}.Debug|Any CPU.Build.0 = Debug|Any CPU
		{05558ACC-5B5C-406F-99A7-5FC534D76A64}.Release|Any CPU.ActiveCfg = Release|Any CPU
		{05558ACC-5B5C-406F-99A7-5FC534D76A64}.Release|Any CPU.Build.0 = Release|Any CPU
	EndGlobalSection
	GlobalSection(SolutionProperties) = preSolution
		HideSolutionNode = FALSE
	EndGlobalSection
	GlobalSection(ExtensibilityGlobals) = postSolution
		SolutionGuid = {1BE034ED-EDE2-4B1D-B640-0133A4B47E11}
	EndGlobalSection
EndGlobal
